{
  "version": 4,
  "terraform_version": "1.5.7",
  "serial": 13,
  "lineage": "c524190b-03d9-1511-535f-77c0ed77d572",
  "outputs": {
    "security_group_id": {
      "value": "sg-0cb822aabec16b861",
      "type": "string"
    }
  },
  "resources": [
    {
      "mode": "managed",
      "type": "aws_security_group",
      "name": "sg_with_ingress_sgid",
      "provider": "provider[\"registry.terraform.io/hashicorp/aws\"]",
      "instances": [
        {
          "schema_version": 1,
          "attributes": {
            "arn": "arn:aws:ec2:us-east-1:253419310498:security-group/sg-0cb822aabec16b861",
            "description": "Security group of name dev_frontend_sg",
            "egress": [
              {
                "cidr_blocks": [
                  "0.0.0.0/0"
                ],
                "description": "",
                "from_port": 0,
                "ipv6_cidr_blocks": [],
                "prefix_list_ids": [],
                "protocol": "-1",
                "security_groups": [],
                "self": false,
                "to_port": 0
              }
            ],
            "id": "sg-0cb822aabec16b861",
            "ingress": [
              {
                "cidr_blocks": [
                  "10.0.0.0/28"
                ],
                "description": "",
                "from_port": 22,
                "ipv6_cidr_blocks": [],
                "prefix_list_ids": [],
                "protocol": "tcp",
                "security_groups": [],
                "self": false,
                "to_port": 22
              },
              {
                "cidr_blocks": [],
                "description": "",
                "from_port": 80,
                "ipv6_cidr_blocks": [],
                "prefix_list_ids": [],
                "protocol": "tcp",
                "security_groups": [
                  "sg-019c601f0af34b5fb"
                ],
                "self": false,
                "to_port": 80
              }
            ],
            "name": "dev_frontend_sg",
            "name_prefix": "",
            "owner_id": "253419310498",
            "revoke_rules_on_delete": false,
            "tags": {
              "Env": "dev"
            },
            "tags_all": {
              "Env": "dev"
            },
            "timeouts": null,
            "vpc_id": "vpc-062f1b8ae6c496abd"
          },
          "sensitive_attributes": [],
          "private": "eyJlMmJmYjczMC1lY2FhLTExZTYtOGY4OC0zNDM2M2JjN2M0YzAiOnsiY3JlYXRlIjo2MDAwMDAwMDAwMDAsImRlbGV0ZSI6OTAwMDAwMDAwMDAwfSwic2NoZW1hX3ZlcnNpb24iOiIxIn0="
        }
      ]
    }
  ],
  "check_results": null
}
